
Microsoft Visual Studio Solution File, Format Version 12.00
# Visual Studio Version 16
VisualStudioVersion = 16.0.31019.35
MinimumVisualStudioVersion = 10.0.40219.1
Project("{FAE04EC0-301F-11D3-BF4B-00C04F79EFBC}") = "DragDrop_1_Simple", "DragDrop_1_Simple\DragDrop_1_Simple.csproj", "{F5135932-153F-46A7-9976-C60A7EFD8493}"
EndProject
Global
	GlobalSection(SolutionConfigurationPlatforms) = preSolution
		Debug|Any CPU = Debug|Any CPU
		Release|Any CPU = Release|Any CPU
	EndGlobalSection
	GlobalSection(ProjectConfigurationPlatforms) = postSolution
		{F5135932-153F-46A7-9976-C60A7EFD8493}.Debug|Any CPU.ActiveCfg = Debug|Any CPU
		{F5135932-153F-46A7-9976-C60A7EFD8493}.Debug|Any CPU.Build.0 = Debug|Any CPU
		{F5135932-153F-46A7-9976-C60A7EFD8493}.Release|Any CPU.ActiveCfg = Release|Any CPU
		{F5135932-153F-46A7-9976-C60A7EFD8493}.Release|Any CPU.Build.0 = Release|Any CPU
	EndGlobalSection
	GlobalSection(SolutionProperties) = preSolution
		HideSolutionNode = FALSE
	EndGlobalSection
	GlobalSection(ExtensibilityGlobals) = postSolution
		SolutionGuid = {DDC034A3-94E2-42C1-9AC7-1CDF6846F0C3}
	EndGlobalSection
EndGlobal
